{
  "requires": true,
  "lockfileVersion": 1,
  "dependencies": {
    "vue-cli-plugin-qiankun-microapp": {
      "version": "1.0.2",
      "resolved": "https://registry.npm.taobao.org/vue-cli-plugin-qiankun-microapp/download/vue-cli-plugin-qiankun-microapp-1.0.2.tgz",
      "integrity": "sha1-KumqRdsXfBbk4rug54Oo2FFjk8E=",
      "dev": true
    }
  }
}
